schema: '2.0'
stages:
  train:
    cmd: python packages/random_forest_regressor/model/src/train_pipeline.py
    deps:
    - path: packages/random_forest_regressor/model/config/config.yml
      md5: 9aabeeebe4031ff2d37ad4e58db566e3
      size: 398
    - path: packages/random_forest_regressor/model/config/core.py
      md5: 1575a25a2c4a4cd2c008b5bc937ce50e
      size: 1561
    - path: packages/random_forest_regressor/model/data/winequality.csv
      md5: ccc8d3507eb151f53f760d36abdef888
      size: 93598
    - path: packages/random_forest_regressor/model/src/data_manager.py
      md5: f9572136964a09cd347359a9cb5687dd
      size: 1827
    - path: packages/random_forest_regressor/model/src/pipeline.py
      md5: 1acaa9e3d84a169cae7e23310e7bd8e5
      size: 531
    - path: packages/random_forest_regressor/model/src/train_pipeline.py
      md5: 03a6dbac3c3766df016c7b2adf184a31
      size: 800
  predict:
    cmd: packages/random_forest_regressor/model/src/predict.py
